{
  "version": 4,
  "terraform_version": "1.9.0",
  "serial": 21,
  "lineage": "d470def1-2bb6-cb31-b0a4-c3c9309a86ce",
  "outputs": {},
  "resources": [
    {
      "mode": "managed",
      "type": "github_branch",
      "name": "development",
      "provider": "provider[\"registry.terraform.io/integrations/github\"]",
      "instances": [
        {
          "schema_version": 0,
          "attributes": {
            "branch": "development",
            "etag": "W/\"1e58094b6b24dbcf0dc7b7b6b857e2f0eac61375295d5d2428a6dfc95aad0427\"",
            "id": "example:development",
            "ref": "refs/heads/development",
            "repository": "example",
            "sha": "74740b2c95af057cb7102768d4fd0fe411bc1409",
            "source_branch": "main",
            "source_sha": "74740b2c95af057cb7102768d4fd0fe411bc1409"
          },
          "sensitive_attributes": [],
          "private": "bnVsbA==",
          "dependencies": [
            "github_repository.example_codebase"
          ]
        }
      ]
    },
    {
      "mode": "managed",
      "type": "github_repository",
      "name": "example_codebase",
      "provider": "provider[\"registry.terraform.io/integrations/github\"]",
      "instances": [
        {
          "schema_version": 1,
          "attributes": {
            "allow_auto_merge": false,
            "allow_merge_commit": true,
            "allow_rebase_merge": true,
            "allow_squash_merge": true,
            "allow_update_branch": false,
            "archive_on_destroy": null,
            "archived": false,
            "auto_init": null,
            "default_branch": "main",
            "delete_branch_on_merge": false,
            "description": "My awesome codebase",
            "etag": "W/\"f1207bc8e4593331b96f0424afa7442bcd826c5c243a003cf6ceceb2b53bcd8a\"",
            "full_name": "jcarrilloaUN/example",
            "git_clone_url": "git://github.com/jcarrilloaUN/example.git",
            "gitignore_template": null,
            "has_discussions": false,
            "has_downloads": false,
            "has_issues": false,
            "has_projects": false,
            "has_wiki": false,
            "homepage_url": "",
            "html_url": "https://github.com/jcarrilloaUN/example",
            "http_clone_url": "https://github.com/jcarrilloaUN/example.git",
            "id": "example",
            "ignore_vulnerability_alerts_during_read": null,
            "is_template": false,
            "license_template": null,
            "merge_commit_message": "PR_TITLE",
            "merge_commit_title": "MERGE_MESSAGE",
            "name": "example",
            "node_id": "R_kgDOLxQdcg",
            "pages": [],
            "primary_language": "Makefile",
            "private": false,
            "repo_id": 789847410,
            "security_and_analysis": [
              {
                "advanced_security": [],
                "secret_scanning": [
                  {
                    "status": "enabled"
                  }
                ],
                "secret_scanning_push_protection": [
                  {
                    "status": "enabled"
                  }
                ]
              }
            ],
            "squash_merge_commit_message": "COMMIT_MESSAGES",
            "squash_merge_commit_title": "COMMIT_OR_PR_TITLE",
            "ssh_clone_url": "git@github.com:jcarrilloaUN/example.git",
            "svn_url": "https://github.com/jcarrilloaUN/example",
            "template": [
              {
                "include_all_branches": false,
                "owner": "trussworks",
                "repository": "terraform-module-template"
              }
            ],
            "topics": [],
            "visibility": "public",
            "vulnerability_alerts": false,
            "web_commit_signoff_required": false
          },
          "sensitive_attributes": [],
          "private": "eyJzY2hlbWFfdmVyc2lvbiI6IjEifQ=="
        }
      ]
    }
  ],
  "check_results": null
}
