{
  "version": 4,
  "terraform_version": "1.9.0",
  "serial": 25,
  "lineage": "d470def1-2bb6-cb31-b0a4-c3c9309a86ce",
  "outputs": {},
  "resources": [
    {
      "mode": "managed",
      "type": "github_branch",
      "name": "development",
      "provider": "provider[\"registry.terraform.io/integrations/github\"]",
      "instances": [
        {
          "schema_version": 0,
          "attributes": {
            "branch": "development",
            "etag": "W/\"69b8b3b8e586e30e969bd0424f225f83275ddb1be5f09b005a2b788c99ee13cc\"",
            "id": "example:development",
            "ref": "refs/heads/development",
            "repository": "example",
            "sha": "b1edf5c6a59624b2d7271667f41536828bf0968b",
            "source_branch": "main",
            "source_sha": "b1edf5c6a59624b2d7271667f41536828bf0968b"
          },
          "sensitive_attributes": [],
          "private": "bnVsbA==",
          "dependencies": [
            "github_repository.example_codebase"
          ]
        }
      ]
    },
    {
      "mode": "managed",
      "type": "github_repository",
      "name": "example_codebase",
      "provider": "provider[\"registry.terraform.io/integrations/github\"]",
      "instances": [
        {
          "schema_version": 1,
          "attributes": {
            "allow_auto_merge": false,
            "allow_merge_commit": true,
            "allow_rebase_merge": true,
            "allow_squash_merge": true,
            "allow_update_branch": false,
            "archive_on_destroy": null,
            "archived": false,
            "auto_init": null,
            "default_branch": "main",
            "delete_branch_on_merge": false,
            "description": "My awesome codebase",
            "etag": "W/\"85db32cb1c0037f003461c511018bb57b2e88f9b5a39e848823d83801dfaa472\"",
            "full_name": "jcarrilloaUN/example",
            "git_clone_url": "git://github.com/jcarrilloaUN/example.git",
            "gitignore_template": null,
            "has_discussions": false,
            "has_downloads": false,
            "has_issues": false,
            "has_projects": false,
            "has_wiki": false,
            "homepage_url": "",
            "html_url": "https://github.com/jcarrilloaUN/example",
            "http_clone_url": "https://github.com/jcarrilloaUN/example.git",
            "id": "example",
            "ignore_vulnerability_alerts_during_read": null,
            "is_template": false,
            "license_template": null,
            "merge_commit_message": "PR_TITLE",
            "merge_commit_title": "MERGE_MESSAGE",
            "name": "example",
            "node_id": "R_kgDOLxQfQw",
            "pages": [],
            "primary_language": "Makefile",
            "private": false,
            "repo_id": 789847875,
            "security_and_analysis": [
              {
                "advanced_security": [],
                "secret_scanning": [
                  {
                    "status": "enabled"
                  }
                ],
                "secret_scanning_push_protection": [
                  {
                    "status": "enabled"
                  }
                ]
              }
            ],
            "squash_merge_commit_message": "COMMIT_MESSAGES",
            "squash_merge_commit_title": "COMMIT_OR_PR_TITLE",
            "ssh_clone_url": "git@github.com:jcarrilloaUN/example.git",
            "svn_url": "https://github.com/jcarrilloaUN/example",
            "template": [
              {
                "include_all_branches": false,
                "owner": "trussworks",
                "repository": "terraform-module-template"
              }
            ],
            "topics": [],
            "visibility": "public",
            "vulnerability_alerts": false,
            "web_commit_signoff_required": false
          },
          "sensitive_attributes": [],
          "private": "eyJzY2hlbWFfdmVyc2lvbiI6IjEifQ=="
        }
      ]
    }
  ],
  "check_results": null
}
